// !$*UTF8*$!
{
	archiveVersion = 1;
	classes = {
	};
	objectVersion = 46;
	objects = {

/* Begin PBXBuildFile section */
		2CBE79F714D4EF8F00271514 /* UIKit.framework in Frameworks */ = {isa = PBXBuildFile; fileRef = 2CBE79F614D4EF8F00271514 /* UIKit.framework */; };
		2CBE79F914D4EF8F00271514 /* Foundation.framework in Frameworks */ = {isa = PBXBuildFile; fileRef = 2CBE79F814D4EF8F00271514 /* Foundation.framework */; };
		2CBE79FB14D4EF8F00271514 /* CoreGraphics.framework in Frameworks */ = {isa = PBXBuildFile; fileRef = 2CBE79FA14D4EF8F00271514 /* CoreGraphics.framework */; };
		2CBE7A0114D4EF8F00271514 /* InfoPlist.strings in Resources */ = {isa = PBXBuildFile; fileRef = 2CBE79FF14D4EF8F00271514 /* InfoPlist.strings */; };
		2CBE7A0314D4EF8F00271514 /* main.m in Sources */ = {isa = PBXBuildFile; fileRef = 2CBE7A0214D4EF8F00271514 /* main.m */; };
		2CBE7A0714D4EF8F00271514 /* OfficeAppDelegate.m in Sources */ = {isa = PBXBuildFile; fileRef = 2CBE7A0614D4EF8F00271514 /* OfficeAppDelegate.m */; };
		2CBE7A1914D4F47400271514 /* home.png in Resources */ = {isa = PBXBuildFile; fileRef = 2CBE7A0F14D4F47400271514 /* home.png */; };
		2CBE7A1A14D4F47400271514 /* activity_gray@2x.png in Resources */ = {isa = PBXBuildFile; fileRef = 2CBE7A1014D4F47400271514 /* activity_gray@2x.png */; };
		2CBE7A1B14D4F47400271514 /* activity.png in Resources */ = {isa = PBXBuildFile; fileRef = 2CBE7A1114D4F47400271514 /* activity.png */; };
		2CBE7A1C14D4F47400271514 /* favorites_gray@2x.png in Resources */ = {isa = PBXBuildFile; fileRef = 2CBE7A1214D4F47400271514 /* favorites_gray@2x.png */; };
		2CBE7A1D14D4F47400271514 /* favorites.png in Resources */ = {isa = PBXBuildFile; fileRef = 2CBE7A1314D4F47400271514 /* favorites.png */; };
		2CBE7A1E14D4F47400271514 /* search_gray@2x.png in Resources */ = {isa = PBXBuildFile; fileRef = 2CBE7A1414D4F47400271514 /* search_gray@2x.png */; };
		2CBE7A1F14D4F47400271514 /* search.png in Resources */ = {isa = PBXBuildFile; fileRef = 2CBE7A1514D4F47400271514 /* search.png */; };
		2CBE7A2014D4F47400271514 /* collaborators_gray@2x.png in Resources */ = {isa = PBXBuildFile; fileRef = 2CBE7A1614D4F47400271514 /* collaborators_gray@2x.png */; };
		2CBE7A2114D4F47400271514 /* collaborators.png in Resources */ = {isa = PBXBuildFile; fileRef = 2CBE7A1714D4F47400271514 /* collaborators.png */; };
		2CBE7A3814D4F48700271514 /* RootMainViewController.m in Sources */ = {isa = PBXBuildFile; fileRef = 2CBE7A2314D4F48700271514 /* RootMainViewController.m */; };
		2CBE7A3914D4F48700271514 /* RootMainViewController.xib in Resources */ = {isa = PBXBuildFile; fileRef = 2CBE7A2414D4F48700271514 /* RootMainViewController.xib */; };
		2CBE7A3A14D4F48700271514 /* RootNavigationViewController.m in Sources */ = {isa = PBXBuildFile; fileRef = 2CBE7A2614D4F48700271514 /* RootNavigationViewController.m */; };
		2CBE7A3B14D4F48700271514 /* RootNavigationViewController.xib in Resources */ = {isa = PBXBuildFile; fileRef = 2CBE7A2714D4F48700271514 /* RootNavigationViewController.xib */; };
		2CBE7A3C14D4F48700271514 /* HomeViewController.m in Sources */ = {isa = PBXBuildFile; fileRef = 2CBE7A2914D4F48700271514 /* HomeViewController.m */; };
		2CBE7A3E14D4F48700271514 /* ActivityViewController.m in Sources */ = {isa = PBXBuildFile; fileRef = 2CBE7A2C14D4F48700271514 /* ActivityViewController.m */; };
		2CBE7A4014D4F48700271514 /* FavortiesViewController.m in Sources */ = {isa = PBXBuildFile; fileRef = 2CBE7A2F14D4F48700271514 /* FavortiesViewController.m */; };
		2CBE7A4214D4F48700271514 /* SearchViewController.m in Sources */ = {isa = PBXBuildFile; fileRef = 2CBE7A3214D4F48700271514 /* SearchViewController.m */; };
		2CBE7A4414D4F48700271514 /* CollaboratorsViewController.m in Sources */ = {isa = PBXBuildFile; fileRef = 2CBE7A3514D4F48700271514 /* CollaboratorsViewController.m */; };
		2CBE7A4614D4F48700271514 /* witmob.storyboard in Resources */ = {isa = PBXBuildFile; fileRef = 2CBE7A3714D4F48700271514 /* witmob.storyboard */; };
		2CBE7A4814D4F5ED00271514 /* home_gray.png in Resources */ = {isa = PBXBuildFile; fileRef = 2CBE7A4714D4F5ED00271514 /* home_gray.png */; };
/* End PBXBuildFile section */

/* Begin PBXFileReference section */
		2CBE79F214D4EF8F00271514 /* witmob_office.app */ = {isa = PBXFileReference; explicitFileType = wrapper.application; includeInIndex = 0; path = witmob_office.app; sourceTree = BUILT_PRODUCTS_DIR; };
		2CBE79F614D4EF8F00271514 /* UIKit.framework */ = {isa = PBXFileReference; lastKnownFileType = wrapper.framework; name = UIKit.framework; path = System/Library/Frameworks/UIKit.framework; sourceTree = SDKROOT; };
		2CBE79F814D4EF8F00271514 /* Foundation.framework */ = {isa = PBXFileReference; lastKnownFileType = wrapper.framework; name = Foundation.framework; path = System/Library/Frameworks/Foundation.framework; sourceTree = SDKROOT; };
		2CBE79FA14D4EF8F00271514 /* CoreGraphics.framework */ = {isa = PBXFileReference; lastKnownFileType = wrapper.framework; name = CoreGraphics.framework; path = System/Library/Frameworks/CoreGraphics.framework; sourceTree = SDKROOT; };
		2CBE79FE14D4EF8F00271514 /* witmob_office-Info.plist */ = {isa = PBXFileReference; lastKnownFileType = text.plist.xml; path = "witmob_office-Info.plist"; sourceTree = "<group>"; };
		2CBE7A0014D4EF8F00271514 /* en */ = {isa = PBXFileReference; lastKnownFileType = text.plist.strings; name = en; path = en.lproj/InfoPlist.strings; sourceTree = "<group>"; };
		2CBE7A0214D4EF8F00271514 /* main.m */ = {isa = PBXFileReference; lastKnownFileType = sourcecode.c.objc; path = main.m; sourceTree = "<group>"; };
		2CBE7A0414D4EF8F00271514 /* witmob_office-Prefix.pch */ = {isa = PBXFileReference; lastKnownFileType = sourcecode.c.h; path = "witmob_office-Prefix.pch"; sourceTree = "<group>"; };
		2CBE7A0514D4EF8F00271514 /* OfficeAppDelegate.h */ = {isa = PBXFileReference; lastKnownFileType = sourcecode.c.h; path = OfficeAppDelegate.h; sourceTree = "<group>"; };
		2CBE7A0614D4EF8F00271514 /* OfficeAppDelegate.m */ = {isa = PBXFileReference; lastKnownFileType = sourcecode.c.objc; path = OfficeAppDelegate.m; sourceTree = "<group>"; };
		2CBE7A0F14D4F47400271514 /* home.png */ = {isa = PBXFileReference; lastKnownFileType = image.png; path = home.png; sourceTree = "<group>"; };
		2CBE7A1014D4F47400271514 /* activity_gray@2x.png */ = {isa = PBXFileReference; lastKnownFileType = image.png; path = "activity_gray@2x.png"; sourceTree = "<group>"; };
		2CBE7A1114D4F47400271514 /* activity.png */ = {isa = PBXFileReference; lastKnownFileType = image.png; path = activity.png; sourceTree = "<group>"; };
		2CBE7A1214D4F47400271514 /* favorites_gray@2x.png */ = {isa = PBXFileReference; lastKnownFileType = image.png; path = "favorites_gray@2x.png"; sourceTree = "<group>"; };
		2CBE7A1314D4F47400271514 /* favorites.png */ = {isa = PBXFileReference; lastKnownFileType = image.png; path = favorites.png; sourceTree = "<group>"; };
		2CBE7A1414D4F47400271514 /* search_gray@2x.png */ = {isa = PBXFileReference; lastKnownFileType = image.png; path = "search_gray@2x.png"; sourceTree = "<group>"; };
		2CBE7A1514D4F47400271514 /* search.png */ = {isa = PBXFileReference; lastKnownFileType = image.png; path = search.png; sourceTree = "<group>"; };
		2CBE7A1614D4F47400271514 /* collaborators_gray@2x.png */ = {isa = PBXFileReference; lastKnownFileType = image.png; path = "collaborators_gray@2x.png"; sourceTree = "<group>"; };
		2CBE7A1714D4F47400271514 /* collaborators.png */ = {isa = PBXFileReference; lastKnownFileType = image.png; path = collaborators.png; sourceTree = "<group>"; };
		2CBE7A2214D4F48700271514 /* RootMainViewController.h */ = {isa = PBXFileReference; fileEncoding = 4; lastKnownFileType = sourcecode.c.h; path = RootMainViewController.h; sourceTree = "<group>"; };
		2CBE7A2314D4F48700271514 /* RootMainViewController.m */ = {isa = PBXFileReference; fileEncoding = 4; lastKnownFileType = sourcecode.c.objc; path = RootMainViewController.m; sourceTree = "<group>"; };
		2CBE7A2414D4F48700271514 /* RootMainViewController.xib */ = {isa = PBXFileReference; fileEncoding = 4; lastKnownFileType = file.xib; path = RootMainViewController.xib; sourceTree = "<group>"; };
		2CBE7A2514D4F48700271514 /* RootNavigationViewController.h */ = {isa = PBXFileReference; fileEncoding = 4; lastKnownFileType = sourcecode.c.h; path = RootNavigationViewController.h; sourceTree = "<group>"; };
		2CBE7A2614D4F48700271514 /* RootNavigationViewController.m */ = {isa = PBXFileReference; fileEncoding = 4; lastKnownFileType = sourcecode.c.objc; path = RootNavigationViewController.m; sourceTree = "<group>"; };
		2CBE7A2714D4F48700271514 /* RootNavigationViewController.xib */ = {isa = PBXFileReference; fileEncoding = 4; lastKnownFileType = file.xib; path = RootNavigationViewController.xib; sourceTree = "<group>"; };
		2CBE7A2814D4F48700271514 /* HomeViewController.h */ = {isa = PBXFileReference; fileEncoding = 4; lastKnownFileType = sourcecode.c.h; path = HomeViewController.h; sourceTree = "<group>"; };
		2CBE7A2914D4F48700271514 /* HomeViewController.m */ = {isa = PBXFileReference; fileEncoding = 4; lastKnownFileType = sourcecode.c.objc; path = HomeViewController.m; sourceTree = "<group>"; };
		2CBE7A2B14D4F48700271514 /* ActivityViewController.h */ = {isa = PBXFileReference; fileEncoding = 4; lastKnownFileType = sourcecode.c.h; path = ActivityViewController.h; sourceTree = "<group>"; };
		2CBE7A2C14D4F48700271514 /* ActivityViewController.m */ = {isa = PBXFileReference; fileEncoding = 4; lastKnownFileType = sourcecode.c.objc; path = ActivityViewController.m; sourceTree = "<group>"; };
		2CBE7A2E14D4F48700271514 /* FavortiesViewController.h */ = {isa = PBXFileReference; fileEncoding = 4; lastKnownFileType = sourcecode.c.h; path = FavortiesViewController.h; sourceTree = "<group>"; };
		2CBE7A2F14D4F48700271514 /* FavortiesViewController.m */ = {isa = PBXFileReference; fileEncoding = 4; lastKnownFileType = sourcecode.c.objc; path = FavortiesViewController.m; sourceTree = "<group>"; };
		2CBE7A3114D4F48700271514 /* SearchViewController.h */ = {isa = PBXFileReference; fileEncoding = 4; lastKnownFileType = sourcecode.c.h; path = SearchViewController.h; sourceTree = "<group>"; };
		2CBE7A3214D4F48700271514 /* SearchViewController.m */ = {isa = PBXFileReference; fileEncoding = 4; lastKnownFileType = sourcecode.c.objc; path = SearchViewController.m; sourceTree = "<group>"; };
		2CBE7A3414D4F48700271514 /* CollaboratorsViewController.h */ = {isa = PBXFileReference; fileEncoding = 4; lastKnownFileType = sourcecode.c.h; path = CollaboratorsViewController.h; sourceTree = "<group>"; };
		2CBE7A3514D4F48700271514 /* CollaboratorsViewController.m */ = {isa = PBXFileReference; fileEncoding = 4; lastKnownFileType = sourcecode.c.objc; path = CollaboratorsViewController.m; sourceTree = "<group>"; };
		2CBE7A3714D4F48700271514 /* witmob.storyboard */ = {isa = PBXFileReference; fileEncoding = 4; lastKnownFileType = file.storyboard; path = witmob.storyboard; sourceTree = "<group>"; };
		2CBE7A4714D4F5ED00271514 /* home_gray.png */ = {isa = PBXFileReference; lastKnownFileType = image.png; path = home_gray.png; sourceTree = "<group>"; };
/* End PBXFileReference section */

/* Begin PBXFrameworksBuildPhase section */
		2CBE79EF14D4EF8F00271514 /* Frameworks */ = {
			isa = PBXFrameworksBuildPhase;
			buildActionMask = 2147483647;
			files = (
				2CBE79F714D4EF8F00271514 /* UIKit.framework in Frameworks */,
				2CBE79F914D4EF8F00271514 /* Foundation.framework in Frameworks */,
				2CBE79FB14D4EF8F00271514 /* CoreGraphics.framework in Frameworks */,
			);
			runOnlyForDeploymentPostprocessing = 0;
		};
/* End PBXFrameworksBuildPhase section */

/* Begin PBXGroup section */
		2CBE79E714D4EF8F00271514 = {
			isa = PBXGroup;
			children = (
				2CBE79FC14D4EF8F00271514 /* witmob_office */,
				2CBE7A0D14D4F45C00271514 /* Resource */,
				2CBE79F514D4EF8F00271514 /* Frameworks */,
				2CBE79F314D4EF8F00271514 /* Products */,
			);
			sourceTree = "<group>";
		};
		2CBE79F314D4EF8F00271514 /* Products */ = {
			isa = PBXGroup;
			children = (
				2CBE79F214D4EF8F00271514 /* witmob_office.app */,
			);
			name = Products;
			sourceTree = "<group>";
		};
		2CBE79F514D4EF8F00271514 /* Frameworks */ = {
			isa = PBXGroup;
			children = (
				2CBE79F614D4EF8F00271514 /* UIKit.framework */,
				2CBE79F814D4EF8F00271514 /* Foundation.framework */,
				2CBE79FA14D4EF8F00271514 /* CoreGraphics.framework */,
			);
			name = Frameworks;
			sourceTree = "<group>";
		};
		2CBE79FC14D4EF8F00271514 /* witmob_office */ = {
			isa = PBXGroup;
			children = (
				2CBE7A2214D4F48700271514 /* RootMainViewController.h */,
				2CBE7A2314D4F48700271514 /* RootMainViewController.m */,
				2CBE7A2414D4F48700271514 /* RootMainViewController.xib */,
				2CBE7A2514D4F48700271514 /* RootNavigationViewController.h */,
				2CBE7A2614D4F48700271514 /* RootNavigationViewController.m */,
				2CBE7A2714D4F48700271514 /* RootNavigationViewController.xib */,
				2CBE7A2814D4F48700271514 /* HomeViewController.h */,
				2CBE7A2914D4F48700271514 /* HomeViewController.m */,
				2CBE7A2B14D4F48700271514 /* ActivityViewController.h */,
				2CBE7A2C14D4F48700271514 /* ActivityViewController.m */,
				2CBE7A2E14D4F48700271514 /* FavortiesViewController.h */,
				2CBE7A2F14D4F48700271514 /* FavortiesViewController.m */,
				2CBE7A3114D4F48700271514 /* SearchViewController.h */,
				2CBE7A3214D4F48700271514 /* SearchViewController.m */,
				2CBE7A3414D4F48700271514 /* CollaboratorsViewController.h */,
				2CBE7A3514D4F48700271514 /* CollaboratorsViewController.m */,
				2CBE7A3714D4F48700271514 /* witmob.storyboard */,
				2CBE7A0514D4EF8F00271514 /* OfficeAppDelegate.h */,
				2CBE7A0614D4EF8F00271514 /* OfficeAppDelegate.m */,
				2CBE79FD14D4EF8F00271514 /* Supporting Files */,
			);
			path = witmob_office;
			sourceTree = "<group>";
		};
		2CBE79FD14D4EF8F00271514 /* Supporting Files */ = {
			isa = PBXGroup;
			children = (
				2CBE79FE14D4EF8F00271514 /* witmob_office-Info.plist */,
				2CBE79FF14D4EF8F00271514 /* InfoPlist.strings */,
				2CBE7A0214D4EF8F00271514 /* main.m */,
				2CBE7A0414D4EF8F00271514 /* witmob_office-Prefix.pch */,
			);
			name = "Supporting Files";
			sourceTree = "<group>";
		};
		2CBE7A0D14D4F45C00271514 /* Resource */ = {
			isa = PBXGroup;
			children = (
				2CBE7A4714D4F5ED00271514 /* home_gray.png */,
				2CBE7A0F14D4F47400271514 /* home.png */,
				2CBE7A1014D4F47400271514 /* activity_gray@2x.png */,
				2CBE7A1114D4F47400271514 /* activity.png */,
				2CBE7A1214D4F47400271514 /* favorites_gray@2x.png */,
				2CBE7A1314D4F47400271514 /* favorites.png */,
				2CBE7A1414D4F47400271514 /* search_gray@2x.png */,
				2CBE7A1514D4F47400271514 /* search.png */,
				2CBE7A1614D4F47400271514 /* collaborators_gray@2x.png */,
				2CBE7A1714D4F47400271514 /* collaborators.png */,
			);
			name = Resource;
			sourceTree = "<group>";
		};
/* End PBXGroup section */

/* Begin PBXNativeTarget section */
		2CBE79F114D4EF8F00271514 /* witmob_office */ = {
			isa = PBXNativeTarget;
			buildConfigurationList = 2CBE7A0A14D4EF8F00271514 /* Build configuration list for PBXNativeTarget "witmob_office" */;
			buildPhases = (
				2CBE79EE14D4EF8F00271514 /* Sources */,
				2CBE79EF14D4EF8F00271514 /* Frameworks */,
				2CBE79F014D4EF8F00271514 /* Resources */,
			);
			buildRules = (
			);
			dependencies = (
			);
			name = witmob_office;
			productName = witmob_office;
			productReference = 2CBE79F214D4EF8F00271514 /* witmob_office.app */;
			productType = "com.apple.product-type.application";
		};
/* End PBXNativeTarget section */

/* Begin PBXProject section */
		2CBE79E914D4EF8F00271514 /* Project object */ = {
			isa = PBXProject;
			attributes = {
				LastUpgradeCheck = 0420;
				ORGANIZATIONNAME = www.witmob.com;
			};
			buildConfigurationList = 2CBE79EC14D4EF8F00271514 /* Build configuration list for PBXProject "witmob_office" */;
			compatibilityVersion = "Xcode 3.2";
			developmentRegion = English;
			hasScannedForEncodings = 0;
			knownRegions = (
				en,
			);
			mainGroup = 2CBE79E714D4EF8F00271514;
			productRefGroup = 2CBE79F314D4EF8F00271514 /* Products */;
			projectDirPath = "";
			projectRoot = "";
			targets = (
				2CBE79F114D4EF8F00271514 /* witmob_office */,
			);
		};
/* End PBXProject section */

/* Begin PBXResourcesBuildPhase section */
		2CBE79F014D4EF8F00271514 /* Resources */ = {
			isa = PBXResourcesBuildPhase;
			buildActionMask = 2147483647;
			files = (
				2CBE7A0114D4EF8F00271514 /* InfoPlist.strings in Resources */,
				2CBE7A1914D4F47400271514 /* home.png in Resources */,
				2CBE7A1A14D4F47400271514 /* activity_gray@2x.png in Resources */,
				2CBE7A1B14D4F47400271514 /* activity.png in Resources */,
				2CBE7A1C14D4F47400271514 /* favorites_gray@2x.png in Resources */,
				2CBE7A1D14D4F47400271514 /* favorites.png in Resources */,
				2CBE7A1E14D4F47400271514 /* search_gray@2x.png in Resources */,
				2CBE7A1F14D4F47400271514 /* search.png in Resources */,
				2CBE7A2014D4F47400271514 /* collaborators_gray@2x.png in Resources */,
				2CBE7A2114D4F47400271514 /* collaborators.png in Resources */,
				2CBE7A3914D4F48700271514 /* RootMainViewController.xib in Resources */,
				2CBE7A3B14D4F48700271514 /* RootNavigationViewController.xib in Resources */,
				2CBE7A4614D4F48700271514 /* witmob.storyboard in Resources */,
				2CBE7A4814D4F5ED00271514 /* home_gray.png in Resources */,
			);
			runOnlyForDeploymentPostprocessing = 0;
		};
/* End PBXResourcesBuildPhase section */

/* Begin PBXSourcesBuildPhase section */
		2CBE79EE14D4EF8F00271514 /* Sources */ = {
			isa = PBXSourcesBuildPhase;
			buildActionMask = 2147483647;
			files = (
				2CBE7A0314D4EF8F00271514 /* main.m in Sources */,
				2CBE7A0714D4EF8F00271514 /* OfficeAppDelegate.m in Sources */,
				2CBE7A3814D4F48700271514 /* RootMainViewController.m in Sources */,
				2CBE7A3A14D4F48700271514 /* RootNavigationViewController.m in Sources */,
				2CBE7A3C14D4F48700271514 /* HomeViewController.m in Sources */,
				2CBE7A3E14D4F48700271514 /* ActivityViewController.m in Sources */,
				2CBE7A4014D4F48700271514 /* FavortiesViewController.m in Sources */,
				2CBE7A4214D4F48700271514 /* SearchViewController.m in Sources */,
				2CBE7A4414D4F48700271514 /* CollaboratorsViewController.m in Sources */,
			);
			runOnlyForDeploymentPostprocessing = 0;
		};
/* End PBXSourcesBuildPhase section */

/* Begin PBXVariantGroup section */
		2CBE79FF14D4EF8F00271514 /* InfoPlist.strings */ = {
			isa = PBXVariantGroup;
			children = (
				2CBE7A0014D4EF8F00271514 /* en */,
			);
			name = InfoPlist.strings;
			sourceTree = "<group>";
		};
/* End PBXVariantGroup section */

/* Begin XCBuildConfiguration section */
		2CBE7A0814D4EF8F00271514 /* Debug */ = {
			isa = XCBuildConfiguration;
			buildSettings = {
				ALWAYS_SEARCH_USER_PATHS = NO;
				ARCHS = "$(ARCHS_STANDARD_32_BIT)";
				CLANG_ENABLE_OBJC_ARC = YES;
				"CODE_SIGN_IDENTITY[sdk=iphoneos*]" = "iPhone Developer";
				COPY_PHASE_STRIP = NO;
				GCC_C_LANGUAGE_STANDARD = gnu99;
				GCC_DYNAMIC_NO_PIC = NO;
				GCC_OPTIMIZATION_LEVEL = 0;
				GCC_PREPROCESSOR_DEFINITIONS = (
					"DEBUG=1",
					"$(inherited)",
				);
				GCC_SYMBOLS_PRIVATE_EXTERN = NO;
				GCC_VERSION = com.apple.compilers.llvm.clang.1_0;
				GCC_WARN_ABOUT_MISSING_PROTOTYPES = YES;
				GCC_WARN_ABOUT_RETURN_TYPE = YES;
				GCC_WARN_UNUSED_VARIABLE = YES;
				IPHONEOS_DEPLOYMENT_TARGET = 5.0;
				SDKROOT = iphoneos;
			};
			name = Debug;
		};
		2CBE7A0914D4EF8F00271514 /* Release */ = {
			isa = XCBuildConfiguration;
			buildSettings = {
				ALWAYS_SEARCH_USER_PATHS = NO;
				ARCHS = "$(ARCHS_STANDARD_32_BIT)";
				CLANG_ENABLE_OBJC_ARC = YES;
				"CODE_SIGN_IDENTITY[sdk=iphoneos*]" = "iPhone Developer";
				COPY_PHASE_STRIP = YES;
				GCC_C_LANGUAGE_STANDARD = gnu99;
				GCC_VERSION = com.apple.compilers.llvm.clang.1_0;
				GCC_WARN_ABOUT_MISSING_PROTOTYPES = YES;
				GCC_WARN_ABOUT_RETURN_TYPE = YES;
				GCC_WARN_UNUSED_VARIABLE = YES;
				IPHONEOS_DEPLOYMENT_TARGET = 5.0;
				OTHER_CFLAGS = "-DNS_BLOCK_ASSERTIONS=1";
				SDKROOT = iphoneos;
				VALIDATE_PRODUCT = YES;
			};
			name = Release;
		};
		2CBE7A0B14D4EF8F00271514 /* Debug */ = {
			isa = XCBuildConfiguration;
			buildSettings = {
				GCC_PRECOMPILE_PREFIX_HEADER = YES;
				GCC_PREFIX_HEADER = "witmob_office/witmob_office-Prefix.pch";
				INFOPLIST_FILE = "witmob_office/witmob_office-Info.plist";
				PRODUCT_NAME = "$(TARGET_NAME)";
				WRAPPER_EXTENSION = app;
			};
			name = Debug;
		};
		2CBE7A0C14D4EF8F00271514 /* Release */ = {
			isa = XCBuildConfiguration;
			buildSettings = {
				GCC_PRECOMPILE_PREFIX_HEADER = YES;
				GCC_PREFIX_HEADER = "witmob_office/witmob_office-Prefix.pch";
				INFOPLIST_FILE = "witmob_office/witmob_office-Info.plist";
				PRODUCT_NAME = "$(TARGET_NAME)";
				WRAPPER_EXTENSION = app;
			};
			name = Release;
		};
/* End XCBuildConfiguration section */

/* Begin XCConfigurationList section */
		2CBE79EC14D4EF8F00271514 /* Build configuration list for PBXProject "witmob_office" */ = {
			isa = XCConfigurationList;
			buildConfigurations = (
				2CBE7A0814D4EF8F00271514 /* Debug */,
				2CBE7A0914D4EF8F00271514 /* Release */,
			);
			defaultConfigurationIsVisible = 0;
			defaultConfigurationName = Release;
		};
		2CBE7A0A14D4EF8F00271514 /* Build configuration list for PBXNativeTarget "witmob_office" */ = {
			isa = XCConfigurationList;
			buildConfigurations = (
				2CBE7A0B14D4EF8F00271514 /* Debug */,
				2CBE7A0C14D4EF8F00271514 /* Release */,
			);
			defaultConfigurationIsVisible = 0;
		};
/* End XCConfigurationList section */
	};
	rootObject = 2CBE79E914D4EF8F00271514 /* Project object */;
}
